
Microsoft Visual Studio Solution File, Format Version 12.00
# Visual Studio 15
VisualStudioVersion = 15.0.28307.329
MinimumVisualStudioVersion = 10.0.40219.1
Project("{FAE04EC0-301F-11D3-BF4B-00C04F79EFBC}") = "DemoCloneGitHub", "DemoCloneGitHub\DemoCloneGitHub.csproj", "{522521B9-BA46-402E-B3B5-5D9248C76E03}"
EndProject
Global
	GlobalSection(SolutionConfigurationPlatforms) = preSolution
		Debug|Any CPU = Debug|Any CPU
		Release|Any CPU = Release|Any CPU
	EndGlobalSection
	GlobalSection(ProjectConfigurationPlatforms) = postSolution
		{522521B9-BA46-402E-B3B5-5D9248C76E03}.Debug|Any CPU.ActiveCfg = Debug|Any CPU
		{522521B9-BA46-402E-B3B5-5D9248C76E03}.Debug|Any CPU.Build.0 = Debug|Any CPU
		{522521B9-BA46-402E-B3B5-5D9248C76E03}.Release|Any CPU.ActiveCfg = Release|Any CPU
		{522521B9-BA46-402E-B3B5-5D9248C76E03}.Release|Any CPU.Build.0 = Release|Any CPU
	EndGlobalSection
	GlobalSection(SolutionProperties) = preSolution
		HideSolutionNode = FALSE
	EndGlobalSection
	GlobalSection(ExtensibilityGlobals) = postSolution
		SolutionGuid = {EBFD9536-7A34-48A4-A171-430F4CBF7793}
	EndGlobalSection
EndGlobal
